
Microsoft Visual Studio Solution File, Format Version 12.00
# Visual Studio Version 16
VisualStudioVersion = 16.0.31129.286
MinimumVisualStudioVersion = 10.0.40219.1
Project("{FAE04EC0-301F-11D3-BF4B-00C04F79EFBC}") = "WindowsFormsApp3", "WindowsFormsApp3.csproj", "{F0F69812-BD05-4D7D-A4B9-6807ABDB2FCC}"
EndProject
Global
	GlobalSection(SolutionConfigurationPlatforms) = preSolution
		Debug|Any CPU = Debug|Any CPU
		Release|Any CPU = Release|Any CPU
	EndGlobalSection
	GlobalSection(ProjectConfigurationPlatforms) = postSolution
		{F0F69812-BD05-4D7D-A4B9-6807ABDB2FCC}.Debug|Any CPU.ActiveCfg = Debug|Any CPU
		{F0F69812-BD05-4D7D-A4B9-6807ABDB2FCC}.Debug|Any CPU.Build.0 = Debug|Any CPU
		{F0F69812-BD05-4D7D-A4B9-6807ABDB2FCC}.Release|Any CPU.ActiveCfg = Release|Any CPU
		{F0F69812-BD05-4D7D-A4B9-6807ABDB2FCC}.Release|Any CPU.Build.0 = Release|Any CPU
	EndGlobalSection
	GlobalSection(SolutionProperties) = preSolution
		HideSolutionNode = FALSE
	EndGlobalSection
	GlobalSection(ExtensibilityGlobals) = postSolution
		SolutionGuid = {0068E73F-929D-458C-BC8C-B96DC78582F4}
	EndGlobalSection
EndGlobal
